
Microsoft Visual Studio Solution File, Format Version 12.00
# Visual Studio Version 16
VisualStudioVersion = 16.0.31605.320
MinimumVisualStudioVersion = 10.0.40219.1
Project("{FAE04EC0-301F-11D3-BF4B-00C04F79EFBC}") = "FinalProject", "FinalProject.csproj", "{DEBE9F00-2E84-46CC-A785-7B6B35FE2F29}"
EndProject
Global
	GlobalSection(SolutionConfigurationPlatforms) = preSolution
		Debug|Any CPU = Debug|Any CPU
		Release|Any CPU = Release|Any CPU
	EndGlobalSection
	GlobalSection(ProjectConfigurationPlatforms) = postSolution
		{DEBE9F00-2E84-46CC-A785-7B6B35FE2F29}.Debug|Any CPU.ActiveCfg = Debug|Any CPU
		{DEBE9F00-2E84-46CC-A785-7B6B35FE2F29}.Debug|Any CPU.Build.0 = Debug|Any CPU
		{DEBE9F00-2E84-46CC-A785-7B6B35FE2F29}.Release|Any CPU.ActiveCfg = Release|Any CPU
		{DEBE9F00-2E84-46CC-A785-7B6B35FE2F29}.Release|Any CPU.Build.0 = Release|Any CPU
	EndGlobalSection
	GlobalSection(SolutionProperties) = preSolution
		HideSolutionNode = FALSE
	EndGlobalSection
	GlobalSection(ExtensibilityGlobals) = postSolution
		SolutionGuid = {6BD0A4CC-3EE3-42CB-973B-57F00D06A98E}
	EndGlobalSection
EndGlobal
